{
  "version": 4,
  "terraform_version": "1.1.2",
  "serial": 74,
  "lineage": "ad691640-810d-ed92-9a6c-8b9a2e7d7782",
  "outputs": {
    "developers": {
      "value": [
        {
          "is_developer": true,
          "level": 1,
          "name": "alice",
          "role": "intern developer"
        },
        {
          "is_developer": true,
          "level": 4,
          "name": "tony",
          "role": "데브옵스"
        },
        {
          "is_developer": true,
          "level": 9,
          "name": "cindy",
          "role": "경영"
        }
      ],
      "type": [
        "tuple",
        [
          [
            "object",
            {
              "is_developer": "bool",
              "level": "number",
              "name": "string",
              "role": "string"
            }
          ],
          [
            "object",
            {
              "is_developer": "bool",
              "level": "number",
              "name": "string",
              "role": "string"
            }
          ],
          [
            "object",
            {
              "is_developer": "bool",
              "level": "number",
              "name": "string",
              "role": "string"
            }
          ]
        ]
      ]
    },
    "groups": {
      "value": [
        {
          "arn": "arn:aws:iam::813297824298:group/developer",
          "id": "developer",
          "name": "developer",
          "path": "/",
          "unique_id": "AGPA32XCT6IVG7Z2OYQYC"
        },
        {
          "arn": "arn:aws:iam::813297824298:group/employee",
          "id": "employee",
          "name": "employee",
          "path": "/",
          "unique_id": "AGPA32XCT6IVMMNJX77GL"
        }
      ],
      "type": [
        "tuple",
        [
          [
            "object",
            {
              "arn": "string",
              "id": "string",
              "name": "string",
              "path": "string",
              "unique_id": "string"
            }
          ],
          [
            "object",
            {
              "arn": "string",
              "id": "string",
              "name": "string",
              "path": "string",
              "unique_id": "string"
            }
          ]
        ]
      ]
    },
    "high_level_users": {
      "value": [
        {
          "is_developer": false,
          "level": 7,
          "name": "john",
          "role": "finance"
        },
        {
          "is_developer": true,
          "level": 9,
          "name": "cindy",
          "role": "경영"
        }
      ],
      "type": [
        "tuple",
        [
          [
            "object",
            {
              "is_developer": "bool",
              "level": "number",
              "name": "string",
              "role": "string"
            }
          ],
          [
            "object",
            {
              "is_developer": "bool",
              "level": "number",
              "name": "string",
              "role": "string"
            }
          ]
        ]
      ]
    },
    "message": {
      "value": "Hello John",
      "type": "string"
    }
  },
  "resources": [
    {
      "mode": "managed",
      "type": "aws_iam_group",
      "name": "developer",
      "provider": "provider[\"registry.terraform.io/hashicorp/aws\"]",
      "instances": [
        {
          "schema_version": 0,
          "attributes": {
            "arn": "arn:aws:iam::813297824298:group/developer",
            "id": "developer",
            "name": "developer",
            "path": "/",
            "unique_id": "AGPA32XCT6IVG7Z2OYQYC"
          },
          "sensitive_attributes": [],
          "private": "bnVsbA=="
        }
      ]
    },
    {
      "mode": "managed",
      "type": "aws_iam_group",
      "name": "employee",
      "provider": "provider[\"registry.terraform.io/hashicorp/aws\"]",
      "instances": [
        {
          "schema_version": 0,
          "attributes": {
            "arn": "arn:aws:iam::813297824298:group/employee",
            "id": "employee",
            "name": "employee",
            "path": "/",
            "unique_id": "AGPA32XCT6IVMMNJX77GL"
          },
          "sensitive_attributes": [],
          "private": "bnVsbA=="
        }
      ]
    },
    {
      "mode": "managed",
      "type": "aws_iam_user",
      "name": "this",
      "provider": "provider[\"registry.terraform.io/hashicorp/aws\"]",
      "instances": [
        {
          "index_key": "alice",
          "schema_version": 0,
          "attributes": {
            "arn": "arn:aws:iam::813297824298:user/alice",
            "force_destroy": false,
            "id": "alice",
            "name": "alice",
            "path": "/",
            "permissions_boundary": null,
            "tags": {
              "level": "1",
              "role": "intern developer"
            },
            "tags_all": {
              "level": "1",
              "role": "intern developer"
            },
            "unique_id": "AIDA32XCT6IVE27CJM2WY"
          },
          "sensitive_attributes": [],
          "private": "bnVsbA=="
        },
        {
          "index_key": "cindy",
          "schema_version": 0,
          "attributes": {
            "arn": "arn:aws:iam::813297824298:user/cindy",
            "force_destroy": false,
            "id": "cindy",
            "name": "cindy",
            "path": "/",
            "permissions_boundary": null,
            "tags": {
              "level": "9",
              "role": "경영"
            },
            "tags_all": {
              "level": "9",
              "role": "경영"
            },
            "unique_id": "AIDA32XCT6IVGHD2DH43L"
          },
          "sensitive_attributes": [],
          "private": "bnVsbA=="
        },
        {
          "index_key": "hoon",
          "schema_version": 0,
          "attributes": {
            "arn": "arn:aws:iam::813297824298:user/hoon",
            "force_destroy": false,
            "id": "hoon",
            "name": "hoon",
            "path": "/",
            "permissions_boundary": null,
            "tags": {
              "level": "3",
              "role": "마케팅"
            },
            "tags_all": {
              "level": "3",
              "role": "마케팅"
            },
            "unique_id": "AIDA32XCT6IVJRO5JEDTR"
          },
          "sensitive_attributes": [],
          "private": "bnVsbA=="
        },
        {
          "index_key": "john",
          "schema_version": 0,
          "attributes": {
            "arn": "arn:aws:iam::813297824298:user/john",
            "force_destroy": false,
            "id": "john",
            "name": "john",
            "path": "/",
            "permissions_boundary": null,
            "tags": {
              "level": "7",
              "role": "finance"
            },
            "tags_all": {
              "level": "7",
              "role": "finance"
            },
            "unique_id": "AIDA32XCT6IVLY2ABPKWD"
          },
          "sensitive_attributes": [],
          "private": "bnVsbA=="
        },
        {
          "index_key": "tony",
          "schema_version": 0,
          "attributes": {
            "arn": "arn:aws:iam::813297824298:user/tony",
            "force_destroy": false,
            "id": "tony",
            "name": "tony",
            "path": "/",
            "permissions_boundary": null,
            "tags": {
              "level": "4",
              "role": "데브옵스"
            },
            "tags_all": {
              "level": "4",
              "role": "데브옵스"
            },
            "unique_id": "AIDA32XCT6IVDFOI4YCS4"
          },
          "sensitive_attributes": [],
          "private": "bnVsbA=="
        }
      ]
    },
    {
      "mode": "managed",
      "type": "aws_iam_user_group_membership",
      "name": "this",
      "provider": "provider[\"registry.terraform.io/hashicorp/aws\"]",
      "instances": [
        {
          "index_key": "alice",
          "schema_version": 0,
          "attributes": {
            "groups": [
              "developer",
              "employee"
            ],
            "id": "terraform-20211228082446050300000005",
            "user": "alice"
          },
          "sensitive_attributes": [],
          "private": "bnVsbA==",
          "dependencies": [
            "aws_iam_group.developer",
            "aws_iam_group.employee"
          ]
        },
        {
          "index_key": "cindy",
          "schema_version": 0,
          "attributes": {
            "groups": [
              "developer",
              "employee"
            ],
            "id": "terraform-20211228082446018900000003",
            "user": "cindy"
          },
          "sensitive_attributes": [],
          "private": "bnVsbA==",
          "dependencies": [
            "aws_iam_group.employee",
            "aws_iam_group.developer"
          ]
        },
        {
          "index_key": "hoon",
          "schema_version": 0,
          "attributes": {
            "groups": [
              "employee"
            ],
            "id": "terraform-20211228082445218000000001",
            "user": "hoon"
          },
          "sensitive_attributes": [],
          "private": "bnVsbA==",
          "dependencies": [
            "aws_iam_group.developer",
            "aws_iam_group.employee"
          ]
        },
        {
          "index_key": "john",
          "schema_version": 0,
          "attributes": {
            "groups": [
              "employee"
            ],
            "id": "terraform-20211228082445227500000002",
            "user": "john"
          },
          "sensitive_attributes": [],
          "private": "bnVsbA==",
          "dependencies": [
            "aws_iam_group.developer",
            "aws_iam_group.employee"
          ]
        },
        {
          "index_key": "tony",
          "schema_version": 0,
          "attributes": {
            "groups": [
              "developer",
              "employee"
            ],
            "id": "terraform-20211228082446035400000004",
            "user": "tony"
          },
          "sensitive_attributes": [],
          "private": "bnVsbA==",
          "dependencies": [
            "aws_iam_group.employee",
            "aws_iam_group.developer"
          ]
        }
      ]
    },
    {
      "mode": "managed",
      "type": "aws_iam_user_policy_attachment",
      "name": "developer",
      "provider": "provider[\"registry.terraform.io/hashicorp/aws\"]",
      "instances": [
        {
          "index_key": "alice",
          "schema_version": 0,
          "attributes": {
            "id": "alice-20211228083101243200000001",
            "policy_arn": "arn:aws:iam::aws:policy/AdministratorAccess",
            "user": "alice"
          },
          "sensitive_attributes": [],
          "private": "bnVsbA==",
          "dependencies": [
            "aws_iam_user.this"
          ]
        },
        {
          "index_key": "cindy",
          "schema_version": 0,
          "attributes": {
            "id": "cindy-20211228083101275900000003",
            "policy_arn": "arn:aws:iam::aws:policy/AdministratorAccess",
            "user": "cindy"
          },
          "sensitive_attributes": [],
          "private": "bnVsbA==",
          "dependencies": [
            "aws_iam_user.this"
          ]
        },
        {
          "index_key": "tony",
          "schema_version": 0,
          "attributes": {
            "id": "tony-20211228083101243300000002",
            "policy_arn": "arn:aws:iam::aws:policy/AdministratorAccess",
            "user": "tony"
          },
          "sensitive_attributes": [],
          "private": "bnVsbA==",
          "dependencies": [
            "aws_iam_user.this"
          ]
        }
      ]
    },
    {
      "mode": "managed",
      "type": "aws_internet_gateway",
      "name": "this",
      "provider": "provider[\"registry.terraform.io/hashicorp/aws\"]",
      "instances": [
        {
          "index_key": 0,
          "schema_version": 0,
          "attributes": {
            "arn": "arn:aws:ec2:ap-northeast-2:813297824298:internet-gateway/igw-0e5a6b0ffd8cf8309",
            "id": "igw-0e5a6b0ffd8cf8309",
            "owner_id": "813297824298",
            "tags": {},
            "tags_all": {},
            "vpc_id": "vpc-098ff76860f452973"
          },
          "sensitive_attributes": [],
          "private": "bnVsbA==",
          "dependencies": [
            "aws_vpc.this"
          ]
        }
      ]
    },
    {
      "mode": "managed",
      "type": "aws_vpc",
      "name": "this",
      "provider": "provider[\"registry.terraform.io/hashicorp/aws\"]",
      "instances": [
        {
          "schema_version": 1,
          "attributes": {
            "arn": "arn:aws:ec2:ap-northeast-2:813297824298:vpc/vpc-098ff76860f452973",
            "assign_generated_ipv6_cidr_block": false,
            "cidr_block": "10.0.0.0/16",
            "default_network_acl_id": "acl-0732c2958bd078530",
            "default_route_table_id": "rtb-0abb615aa5ec2356c",
            "default_security_group_id": "sg-0d9c54deac8da0049",
            "dhcp_options_id": "dopt-2c243e45",
            "enable_classiclink": null,
            "enable_classiclink_dns_support": null,
            "enable_dns_hostnames": false,
            "enable_dns_support": true,
            "id": "vpc-098ff76860f452973",
            "instance_tenancy": "default",
            "ipv4_ipam_pool_id": null,
            "ipv4_netmask_length": null,
            "ipv6_association_id": "",
            "ipv6_cidr_block": "",
            "ipv6_ipam_pool_id": null,
            "ipv6_netmask_length": null,
            "main_route_table_id": "rtb-0abb615aa5ec2356c",
            "owner_id": "813297824298",
            "tags": {
              "Name": "jhtest"
            },
            "tags_all": {
              "Name": "jhtest"
            }
          },
          "sensitive_attributes": [],
          "private": "eyJzY2hlbWFfdmVyc2lvbiI6IjEifQ=="
        }
      ]
    }
  ]
}
